
Microsoft Visual Studio Solution File, Format Version 12.00
# Visual Studio Version 17
VisualStudioVersion = 17.9.34622.214
MinimumVisualStudioVersion = 10.0.40219.1
Project("{FAE04EC0-301F-11D3-BF4B-00C04F79EFBC}") = "domashna", "domashna.csproj", "{1E4B2C70-4FCF-4113-9388-84E2D0C216C3}"
EndProject
Global
	GlobalSection(SolutionConfigurationPlatforms) = preSolution
		Debug|Any CPU = Debug|Any CPU
		Release|Any CPU = Release|Any CPU
	EndGlobalSection
	GlobalSection(ProjectConfigurationPlatforms) = postSolution
		{1E4B2C70-4FCF-4113-9388-84E2D0C216C3}.Debug|Any CPU.ActiveCfg = Debug|Any CPU
		{1E4B2C70-4FCF-4113-9388-84E2D0C216C3}.Debug|Any CPU.Build.0 = Debug|Any CPU
		{1E4B2C70-4FCF-4113-9388-84E2D0C216C3}.Release|Any CPU.ActiveCfg = Release|Any CPU
		{1E4B2C70-4FCF-4113-9388-84E2D0C216C3}.Release|Any CPU.Build.0 = Release|Any CPU
	EndGlobalSection
	GlobalSection(SolutionProperties) = preSolution
		HideSolutionNode = FALSE
	EndGlobalSection
	GlobalSection(ExtensibilityGlobals) = postSolution
		SolutionGuid = {C69FA781-5777-4B36-B4CC-EF3863270E75}
	EndGlobalSection
EndGlobal
